{
  "name": "viewer-tutorial",
  "version": "1.0.0",
  "lockfileVersion": 2,
  "requires": true,
  "packages": {
    "": {
      "name": "viewer-tutorial",
      "version": "1.0.0",
      "license": "ISC",
      "dependencies": {
        "@lumiscaphe/viewer": "^4.0.7"
      }
    },
    "node_modules/@lumiscaphe/viewer": {
      "version": "4.0.7",
      "resolved": "https://registry.npmjs.org/@lumiscaphe/viewer/-/viewer-4.0.7.tgz",
      "integrity": "sha512-xmrf/Gj7yq6isypif+Rd5rFpe9MJvlXKh+9AY93O1ja3CZ4shoT3Ypc4KJg7r4esoHMls50JGw5QwS2GoE+lkw==",
      "dependencies": {
        "debounce-promise": "~3.1.0",
        "regression": "~2.0.0",
        "twgl.js": "~5.0.0"
      }
    },
    "node_modules/debounce-promise": {
      "version": "3.1.2",
      "resolved": "https://registry.npmjs.org/debounce-promise/-/debounce-promise-3.1.2.tgz",
      "integrity": "sha512-rZHcgBkbYavBeD9ej6sP56XfG53d51CD4dnaw989YX/nZ/ZJfgRx/9ePKmTNiUiyQvh4mtrMoS3OAWW+yoYtpg=="
    },
    "node_modules/regression": {
      "version": "2.0.1",
      "resolved": "https://registry.npmjs.org/regression/-/regression-2.0.1.tgz",
      "integrity": "sha512-A4XYsc37dsBaNOgEjkJKzfJlE394IMmUPlI/p3TTI9u3T+2a+eox5Pr/CPUqF0eszeWZJPAc6QkroAhuUpWDJQ=="
    },
    "node_modules/twgl.js": {
      "version": "5.0.4",
      "resolved": "https://registry.npmjs.org/twgl.js/-/twgl.js-5.0.4.tgz",
      "integrity": "sha512-8U0ehLWvqOMTqMQd3xGjeQJSDwCNtoFvLg4V3Ne4QTCaPoJmOB4CSpy7MMHkMkc1qO2DMRhnV0uAgZmhO3Q/2w=="
    }
  },
  "dependencies": {
    "@lumiscaphe/viewer": {
      "version": "4.0.7",
      "resolved": "https://registry.npmjs.org/@lumiscaphe/viewer/-/viewer-4.0.7.tgz",
      "integrity": "sha512-xmrf/Gj7yq6isypif+Rd5rFpe9MJvlXKh+9AY93O1ja3CZ4shoT3Ypc4KJg7r4esoHMls50JGw5QwS2GoE+lkw==",
      "requires": {
        "debounce-promise": "~3.1.0",
        "regression": "~2.0.0",
        "twgl.js": "~5.0.0"
      }
    },
    "debounce-promise": {
      "version": "3.1.2",
      "resolved": "https://registry.npmjs.org/debounce-promise/-/debounce-promise-3.1.2.tgz",
      "integrity": "sha512-rZHcgBkbYavBeD9ej6sP56XfG53d51CD4dnaw989YX/nZ/ZJfgRx/9ePKmTNiUiyQvh4mtrMoS3OAWW+yoYtpg=="
    },
    "regression": {
      "version": "2.0.1",
      "resolved": "https://registry.npmjs.org/regression/-/regression-2.0.1.tgz",
      "integrity": "sha512-A4XYsc37dsBaNOgEjkJKzfJlE394IMmUPlI/p3TTI9u3T+2a+eox5Pr/CPUqF0eszeWZJPAc6QkroAhuUpWDJQ=="
    },
    "twgl.js": {
      "version": "5.0.4",
      "resolved": "https://registry.npmjs.org/twgl.js/-/twgl.js-5.0.4.tgz",
      "integrity": "sha512-8U0ehLWvqOMTqMQd3xGjeQJSDwCNtoFvLg4V3Ne4QTCaPoJmOB4CSpy7MMHkMkc1qO2DMRhnV0uAgZmhO3Q/2w=="
    }
  }
}
